
Microsoft Visual Studio Solution File, Format Version 12.00
# Visual Studio Version 17
VisualStudioVersion = 17.5.002.0
MinimumVisualStudioVersion = 10.0.40219.1
Project("{9A19103F-16F7-4668-BE54-9A1E7A4F7556}") = "BudgetTracker", "BudgetTracker.csproj", "{493F9B55-0C9B-41F9-BAFE-996B7165E1CC}"
EndProject
Global
	GlobalSection(SolutionConfigurationPlatforms) = preSolution
		Debug|Any CPU = Debug|Any CPU
		Release|Any CPU = Release|Any CPU
	EndGlobalSection
	GlobalSection(ProjectConfigurationPlatforms) = postSolution
		{493F9B55-0C9B-41F9-BAFE-996B7165E1CC}.Debug|Any CPU.ActiveCfg = Debug|Any CPU
		{493F9B55-0C9B-41F9-BAFE-996B7165E1CC}.Debug|Any CPU.Build.0 = Debug|Any CPU
		{493F9B55-0C9B-41F9-BAFE-996B7165E1CC}.Release|Any CPU.ActiveCfg = Release|Any CPU
		{493F9B55-0C9B-41F9-BAFE-996B7165E1CC}.Release|Any CPU.Build.0 = Release|Any CPU
	EndGlobalSection
	GlobalSection(SolutionProperties) = preSolution
		HideSolutionNode = FALSE
	EndGlobalSection
	GlobalSection(ExtensibilityGlobals) = postSolution
		SolutionGuid = {118DD095-21A0-47EA-A42E-31A8848E8A34}
	EndGlobalSection
EndGlobal
